
Microsoft Visual Studio Solution File, Format Version 12.00
# Visual Studio Version 17
VisualStudioVersion = 17.13.35818.85
MinimumVisualStudioVersion = 10.0.40219.1
Project("{FAE04EC0-301F-11D3-BF4B-00C04F79EFBC}") = "StructuralDesignPattern", "StructuralDesignPatterns\StructuralDesignPattern.csproj", "{11C40E0B-9B6E-475E-ABD4-18974B587C40}"
EndProject
Project("{FAE04EC0-301F-11D3-BF4B-00C04F79EFBC}") = "DesignPatterns", "DesignPatterns\DesignPatterns.csproj", "{0B3BD5EB-EE24-47B0-AC54-EE638A54622E}"
EndProject
Project("{FAE04EC0-301F-11D3-BF4B-00C04F79EFBC}") = "BehaviouralDesignPattern", "BehaviouralDesignPatterns\BehaviouralDesignPattern.csproj", "{4D4687B0-4989-48F5-BC54-136406160A46}"
EndProject
Project("{FAE04EC0-301F-11D3-BF4B-00C04F79EFBC}") = "CreationalDesignPatterns", "CreationalDesignPatterns\CreationalDesignPatterns.csproj", "{7EADB285-9906-415F-935B-7CBCB394A1CB}"
EndProject
Global
	GlobalSection(SolutionConfigurationPlatforms) = preSolution
		Debug|Any CPU = Debug|Any CPU
		Release|Any CPU = Release|Any CPU
	EndGlobalSection
	GlobalSection(ProjectConfigurationPlatforms) = postSolution
		{11C40E0B-9B6E-475E-ABD4-18974B587C40}.Debug|Any CPU.ActiveCfg = Debug|Any CPU
		{11C40E0B-9B6E-475E-ABD4-18974B587C40}.Debug|Any CPU.Build.0 = Debug|Any CPU
		{11C40E0B-9B6E-475E-ABD4-18974B587C40}.Release|Any CPU.ActiveCfg = Release|Any CPU
		{11C40E0B-9B6E-475E-ABD4-18974B587C40}.Release|Any CPU.Build.0 = Release|Any CPU
		{0B3BD5EB-EE24-47B0-AC54-EE638A54622E}.Debug|Any CPU.ActiveCfg = Debug|Any CPU
		{0B3BD5EB-EE24-47B0-AC54-EE638A54622E}.Debug|Any CPU.Build.0 = Debug|Any CPU
		{0B3BD5EB-EE24-47B0-AC54-EE638A54622E}.Release|Any CPU.ActiveCfg = Release|Any CPU
		{0B3BD5EB-EE24-47B0-AC54-EE638A54622E}.Release|Any CPU.Build.0 = Release|Any CPU
		{4D4687B0-4989-48F5-BC54-136406160A46}.Debug|Any CPU.ActiveCfg = Debug|Any CPU
		{4D4687B0-4989-48F5-BC54-136406160A46}.Debug|Any CPU.Build.0 = Debug|Any CPU
		{4D4687B0-4989-48F5-BC54-136406160A46}.Release|Any CPU.ActiveCfg = Release|Any CPU
		{4D4687B0-4989-48F5-BC54-136406160A46}.Release|Any CPU.Build.0 = Release|Any CPU
		{7EADB285-9906-415F-935B-7CBCB394A1CB}.Debug|Any CPU.ActiveCfg = Debug|Any CPU
		{7EADB285-9906-415F-935B-7CBCB394A1CB}.Debug|Any CPU.Build.0 = Debug|Any CPU
		{7EADB285-9906-415F-935B-7CBCB394A1CB}.Release|Any CPU.ActiveCfg = Release|Any CPU
		{7EADB285-9906-415F-935B-7CBCB394A1CB}.Release|Any CPU.Build.0 = Release|Any CPU
	EndGlobalSection
	GlobalSection(SolutionProperties) = preSolution
		HideSolutionNode = FALSE
	EndGlobalSection
	GlobalSection(ExtensibilityGlobals) = postSolution
		SolutionGuid = {F7EAD6D9-E728-4F1D-830B-EA057A889F49}
	EndGlobalSection
EndGlobal
